
Microsoft Visual Studio Solution File, Format Version 12.00
# Visual Studio Version 17
VisualStudioVersion = 17.0.31903.59
MinimumVisualStudioVersion = 10.0.40219.1
Project("{2150E333-8FDC-42A3-9474-1A3956D46DE8}") = "src", "src", "{41C1DAE5-8A9B-4391-B2B1-ED2EA704E338}"
EndProject
Project("{FAE04EC0-301F-11D3-BF4B-00C04F79EFBC}") = "SCANOVA.Core", "src\SCANOVA.Core\SCANOVA.Core.csproj", "{C7F60589-5874-4B93-8BC9-CE78C29C64C9}"
EndProject
Project("{FAE04EC0-301F-11D3-BF4B-00C04F79EFBC}") = "SCANOVA.Infrastructure", "src\SCANOVA.Infrastructure\SCANOVA.Infrastructure.csproj", "{B836B9CF-D5D8-4921-A658-EEF3C9171256}"
EndProject
Project("{FAE04EC0-301F-11D3-BF4B-00C04F79EFBC}") = "SCANOVA.Imaging", "src\SCANOVA.Imaging\SCANOVA.Imaging.csproj", "{D0016FBD-A060-4ADD-9E67-4DBEE49A7A69}"
EndProject
Project("{FAE04EC0-301F-11D3-BF4B-00C04F79EFBC}") = "SCANOVA.Tiff", "src\SCANOVA.Tiff\SCANOVA.Tiff.csproj", "{DE358637-1849-40E4-A6E9-C9DF9B1E8C1E}"
EndProject
Project("{FAE04EC0-301F-11D3-BF4B-00C04F79EFBC}") = "SCANOVA.Pdf", "src\SCANOVA.Pdf\SCANOVA.Pdf.csproj", "{31F7F6E6-5CDA-4097-9849-5DDA881027C8}"
EndProject
Project("{FAE04EC0-301F-11D3-BF4B-00C04F79EFBC}") = "SCANOVA.Ocr", "src\SCANOVA.Ocr\SCANOVA.Ocr.csproj", "{E8C033CD-6103-4AC3-8978-A1DF111AF9C9}"
EndProject
Project("{FAE04EC0-301F-11D3-BF4B-00C04F79EFBC}") = "SCANOVA.Scanner", "src\SCANOVA.Scanner\SCANOVA.Scanner.csproj", "{52C22339-3C9F-4E43-BC4C-F6DCE39104F2}"
EndProject
Project("{FAE04EC0-301F-11D3-BF4B-00C04F79EFBC}") = "SCANOVA.Licensing", "src\SCANOVA.Licensing\SCANOVA.Licensing.csproj", "{A98B2990-4E49-47DE-A558-E16891DF523F}"
EndProject
Project("{FAE04EC0-301F-11D3-BF4B-00C04F79EFBC}") = "SCANOVA.App", "src\SCANOVA.App\SCANOVA.App.csproj", "{B2D593E0-6F40-498F-8917-B12997AEE49C}"
EndProject
Project("{2150E333-8FDC-42A3-9474-1A3956D46DE8}") = "tests", "tests", "{3B753C59-6D6F-4A10-A625-5428D40DD63B}"
EndProject
Project("{FAE04EC0-301F-11D3-BF4B-00C04F79EFBC}") = "SCANOVA.Core.Tests", "tests\SCANOVA.Core.Tests\SCANOVA.Core.Tests.csproj", "{6930A73C-9836-4F55-AF3D-432A34C147EF}"
EndProject
Project("{FAE04EC0-301F-11D3-BF4B-00C04F79EFBC}") = "SCANOVA.Imaging.Tests", "tests\SCANOVA.Imaging.Tests\SCANOVA.Imaging.Tests.csproj", "{F46716B8-640D-4C56-8A6E-0693E6110DDD}"
EndProject
Project("{FAE04EC0-301F-11D3-BF4B-00C04F79EFBC}") = "SCANOVA.Tiff.Tests", "tests\SCANOVA.Tiff.Tests\SCANOVA.Tiff.Tests.csproj", "{02F23C13-5B4A-45AD-BC1B-3DF35D57B210}"
EndProject
Project("{FAE04EC0-301F-11D3-BF4B-00C04F79EFBC}") = "SCANOVA.Pdf.Tests", "tests\SCANOVA.Pdf.Tests\SCANOVA.Pdf.Tests.csproj", "{DDA4D6AB-CC74-4DD6-A39B-BBE6FB02ED10}"
EndProject
Project("{FAE04EC0-301F-11D3-BF4B-00C04F79EFBC}") = "SCANOVA.Ocr.Tests", "tests\SCANOVA.Ocr.Tests\SCANOVA.Ocr.Tests.csproj", "{7C21389D-DA9B-45FE-A067-AB36E698AC73}"
EndProject
Project("{FAE04EC0-301F-11D3-BF4B-00C04F79EFBC}") = "SCANOVA.Scanner.Tests", "tests\SCANOVA.Scanner.Tests\SCANOVA.Scanner.Tests.csproj", "{4F97D874-A859-4E33-89A2-50285D844FBB}"
EndProject
Project("{FAE04EC0-301F-11D3-BF4B-00C04F79EFBC}") = "SCANOVA.Integration.Tests", "tests\SCANOVA.Integration.Tests\SCANOVA.Integration.Tests.csproj", "{09B2FA2A-DB93-4B1D-9C68-14C41661AF70}"
EndProject
Project("{FAE04EC0-301F-11D3-BF4B-00C04F79EFBC}") = "SCANOVA.Infrastructure.Tests", "tests\SCANOVA.Infrastructure.Tests\SCANOVA.Infrastructure.Tests.csproj", "{7CCF0D8B-2882-4F90-92C0-F82C9976DBF6}"
EndProject
Global
	GlobalSection(SolutionConfigurationPlatforms) = preSolution
		Debug|Any CPU = Debug|Any CPU
		Release|Any CPU = Release|Any CPU
	EndGlobalSection
	GlobalSection(SolutionProperties) = preSolution
		HideSolutionNode = FALSE
	EndGlobalSection
	GlobalSection(ProjectConfigurationPlatforms) = postSolution
		{C7F60589-5874-4B93-8BC9-CE78C29C64C9}.Debug|Any CPU.ActiveCfg = Debug|Any CPU
		{C7F60589-5874-4B93-8BC9-CE78C29C64C9}.Debug|Any CPU.Build.0 = Debug|Any CPU
		{C7F60589-5874-4B93-8BC9-CE78C29C64C9}.Release|Any CPU.ActiveCfg = Release|Any CPU
		{C7F60589-5874-4B93-8BC9-CE78C29C64C9}.Release|Any CPU.Build.0 = Release|Any CPU
		{B836B9CF-D5D8-4921-A658-EEF3C9171256}.Debug|Any CPU.ActiveCfg = Debug|Any CPU
		{B836B9CF-D5D8-4921-A658-EEF3C9171256}.Debug|Any CPU.Build.0 = Debug|Any CPU
		{B836B9CF-D5D8-4921-A658-EEF3C9171256}.Release|Any CPU.ActiveCfg = Release|Any CPU
		{B836B9CF-D5D8-4921-A658-EEF3C9171256}.Release|Any CPU.Build.0 = Release|Any CPU
		{D0016FBD-A060-4ADD-9E67-4DBEE49A7A69}.Debug|Any CPU.ActiveCfg = Debug|Any CPU
		{D0016FBD-A060-4ADD-9E67-4DBEE49A7A69}.Debug|Any CPU.Build.0 = Debug|Any CPU
		{D0016FBD-A060-4ADD-9E67-4DBEE49A7A69}.Release|Any CPU.ActiveCfg = Release|Any CPU
		{D0016FBD-A060-4ADD-9E67-4DBEE49A7A69}.Release|Any CPU.Build.0 = Release|Any CPU
		{DE358637-1849-40E4-A6E9-C9DF9B1E8C1E}.Debug|Any CPU.ActiveCfg = Debug|Any CPU
		{DE358637-1849-40E4-A6E9-C9DF9B1E8C1E}.Debug|Any CPU.Build.0 = Debug|Any CPU
		{DE358637-1849-40E4-A6E9-C9DF9B1E8C1E}.Release|Any CPU.ActiveCfg = Release|Any CPU
		{DE358637-1849-40E4-A6E9-C9DF9B1E8C1E}.Release|Any CPU.Build.0 = Release|Any CPU
		{31F7F6E6-5CDA-4097-9849-5DDA881027C8}.Debug|Any CPU.ActiveCfg = Debug|Any CPU
		{31F7F6E6-5CDA-4097-9849-5DDA881027C8}.Debug|Any CPU.Build.0 = Debug|Any CPU
		{31F7F6E6-5CDA-4097-9849-5DDA881027C8}.Release|Any CPU.ActiveCfg = Release|Any CPU
		{31F7F6E6-5CDA-4097-9849-5DDA881027C8}.Release|Any CPU.Build.0 = Release|Any CPU
		{E8C033CD-6103-4AC3-8978-A1DF111AF9C9}.Debug|Any CPU.ActiveCfg = Debug|Any CPU
		{E8C033CD-6103-4AC3-8978-A1DF111AF9C9}.Debug|Any CPU.Build.0 = Debug|Any CPU
		{E8C033CD-6103-4AC3-8978-A1DF111AF9C9}.Release|Any CPU.ActiveCfg = Release|Any CPU
		{E8C033CD-6103-4AC3-8978-A1DF111AF9C9}.Release|Any CPU.Build.0 = Release|Any CPU
		{52C22339-3C9F-4E43-BC4C-F6DCE39104F2}.Debug|Any CPU.ActiveCfg = Debug|Any CPU
		{52C22339-3C9F-4E43-BC4C-F6DCE39104F2}.Debug|Any CPU.Build.0 = Debug|Any CPU
		{52C22339-3C9F-4E43-BC4C-F6DCE39104F2}.Release|Any CPU.ActiveCfg = Release|Any CPU
		{52C22339-3C9F-4E43-BC4C-F6DCE39104F2}.Release|Any CPU.Build.0 = Release|Any CPU
		{A98B2990-4E49-47DE-A558-E16891DF523F}.Debug|Any CPU.ActiveCfg = Debug|Any CPU
		{A98B2990-4E49-47DE-A558-E16891DF523F}.Debug|Any CPU.Build.0 = Debug|Any CPU
		{A98B2990-4E49-47DE-A558-E16891DF523F}.Release|Any CPU.ActiveCfg = Release|Any CPU
		{A98B2990-4E49-47DE-A558-E16891DF523F}.Release|Any CPU.Build.0 = Release|Any CPU
		{B2D593E0-6F40-498F-8917-B12997AEE49C}.Debug|Any CPU.ActiveCfg = Debug|x86
		{B2D593E0-6F40-498F-8917-B12997AEE49C}.Debug|Any CPU.Build.0 = Debug|x86
		{B2D593E0-6F40-498F-8917-B12997AEE49C}.Release|Any CPU.ActiveCfg = Release|x86
		{B2D593E0-6F40-498F-8917-B12997AEE49C}.Release|Any CPU.Build.0 = Release|x86
		{6930A73C-9836-4F55-AF3D-432A34C147EF}.Debug|Any CPU.ActiveCfg = Debug|Any CPU
		{6930A73C-9836-4F55-AF3D-432A34C147EF}.Debug|Any CPU.Build.0 = Debug|Any CPU
		{6930A73C-9836-4F55-AF3D-432A34C147EF}.Release|Any CPU.ActiveCfg = Release|Any CPU
		{6930A73C-9836-4F55-AF3D-432A34C147EF}.Release|Any CPU.Build.0 = Release|Any CPU
		{F46716B8-640D-4C56-8A6E-0693E6110DDD}.Debug|Any CPU.ActiveCfg = Debug|Any CPU
		{F46716B8-640D-4C56-8A6E-0693E6110DDD}.Debug|Any CPU.Build.0 = Debug|Any CPU
		{F46716B8-640D-4C56-8A6E-0693E6110DDD}.Release|Any CPU.ActiveCfg = Release|Any CPU
		{F46716B8-640D-4C56-8A6E-0693E6110DDD}.Release|Any CPU.Build.0 = Release|Any CPU
		{02F23C13-5B4A-45AD-BC1B-3DF35D57B210}.Debug|Any CPU.ActiveCfg = Debug|Any CPU
		{02F23C13-5B4A-45AD-BC1B-3DF35D57B210}.Debug|Any CPU.Build.0 = Debug|Any CPU
		{02F23C13-5B4A-45AD-BC1B-3DF35D57B210}.Release|Any CPU.ActiveCfg = Release|Any CPU
		{02F23C13-5B4A-45AD-BC1B-3DF35D57B210}.Release|Any CPU.Build.0 = Release|Any CPU
		{DDA4D6AB-CC74-4DD6-A39B-BBE6FB02ED10}.Debug|Any CPU.ActiveCfg = Debug|Any CPU
		{DDA4D6AB-CC74-4DD6-A39B-BBE6FB02ED10}.Debug|Any CPU.Build.0 = Debug|Any CPU
		{DDA4D6AB-CC74-4DD6-A39B-BBE6FB02ED10}.Release|Any CPU.ActiveCfg = Release|Any CPU
		{DDA4D6AB-CC74-4DD6-A39B-BBE6FB02ED10}.Release|Any CPU.Build.0 = Release|Any CPU
		{7C21389D-DA9B-45FE-A067-AB36E698AC73}.Debug|Any CPU.ActiveCfg = Debug|Any CPU
		{7C21389D-DA9B-45FE-A067-AB36E698AC73}.Debug|Any CPU.Build.0 = Debug|Any CPU
		{7C21389D-DA9B-45FE-A067-AB36E698AC73}.Release|Any CPU.ActiveCfg = Release|Any CPU
		{7C21389D-DA9B-45FE-A067-AB36E698AC73}.Release|Any CPU.Build.0 = Release|Any CPU
		{4F97D874-A859-4E33-89A2-50285D844FBB}.Debug|Any CPU.ActiveCfg = Debug|Any CPU
		{4F97D874-A859-4E33-89A2-50285D844FBB}.Debug|Any CPU.Build.0 = Debug|Any CPU
		{4F97D874-A859-4E33-89A2-50285D844FBB}.Release|Any CPU.ActiveCfg = Release|Any CPU
		{4F97D874-A859-4E33-89A2-50285D844FBB}.Release|Any CPU.Build.0 = Release|Any CPU
		{09B2FA2A-DB93-4B1D-9C68-14C41661AF70}.Debug|Any CPU.ActiveCfg = Debug|Any CPU
		{09B2FA2A-DB93-4B1D-9C68-14C41661AF70}.Debug|Any CPU.Build.0 = Debug|Any CPU
		{09B2FA2A-DB93-4B1D-9C68-14C41661AF70}.Release|Any CPU.ActiveCfg = Release|Any CPU
		{09B2FA2A-DB93-4B1D-9C68-14C41661AF70}.Release|Any CPU.Build.0 = Release|Any CPU
		{7CCF0D8B-2882-4F90-92C0-F82C9976DBF6}.Debug|Any CPU.ActiveCfg = Debug|Any CPU
		{7CCF0D8B-2882-4F90-92C0-F82C9976DBF6}.Debug|Any CPU.Build.0 = Debug|Any CPU
		{7CCF0D8B-2882-4F90-92C0-F82C9976DBF6}.Release|Any CPU.ActiveCfg = Release|Any CPU
		{7CCF0D8B-2882-4F90-92C0-F82C9976DBF6}.Release|Any CPU.Build.0 = Release|Any CPU
	EndGlobalSection
	GlobalSection(NestedProjects) = preSolution
		{C7F60589-5874-4B93-8BC9-CE78C29C64C9} = {41C1DAE5-8A9B-4391-B2B1-ED2EA704E338}
		{B836B9CF-D5D8-4921-A658-EEF3C9171256} = {41C1DAE5-8A9B-4391-B2B1-ED2EA704E338}
		{D0016FBD-A060-4ADD-9E67-4DBEE49A7A69} = {41C1DAE5-8A9B-4391-B2B1-ED2EA704E338}
		{DE358637-1849-40E4-A6E9-C9DF9B1E8C1E} = {41C1DAE5-8A9B-4391-B2B1-ED2EA704E338}
		{31F7F6E6-5CDA-4097-9849-5DDA881027C8} = {41C1DAE5-8A9B-4391-B2B1-ED2EA704E338}
		{E8C033CD-6103-4AC3-8978-A1DF111AF9C9} = {41C1DAE5-8A9B-4391-B2B1-ED2EA704E338}
		{52C22339-3C9F-4E43-BC4C-F6DCE39104F2} = {41C1DAE5-8A9B-4391-B2B1-ED2EA704E338}
		{A98B2990-4E49-47DE-A558-E16891DF523F} = {41C1DAE5-8A9B-4391-B2B1-ED2EA704E338}
		{B2D593E0-6F40-498F-8917-B12997AEE49C} = {41C1DAE5-8A9B-4391-B2B1-ED2EA704E338}
		{6930A73C-9836-4F55-AF3D-432A34C147EF} = {3B753C59-6D6F-4A10-A625-5428D40DD63B}
		{F46716B8-640D-4C56-8A6E-0693E6110DDD} = {3B753C59-6D6F-4A10-A625-5428D40DD63B}
		{02F23C13-5B4A-45AD-BC1B-3DF35D57B210} = {3B753C59-6D6F-4A10-A625-5428D40DD63B}
		{DDA4D6AB-CC74-4DD6-A39B-BBE6FB02ED10} = {3B753C59-6D6F-4A10-A625-5428D40DD63B}
		{7C21389D-DA9B-45FE-A067-AB36E698AC73} = {3B753C59-6D6F-4A10-A625-5428D40DD63B}
		{4F97D874-A859-4E33-89A2-50285D844FBB} = {3B753C59-6D6F-4A10-A625-5428D40DD63B}
		{09B2FA2A-DB93-4B1D-9C68-14C41661AF70} = {3B753C59-6D6F-4A10-A625-5428D40DD63B}
		{7CCF0D8B-2882-4F90-92C0-F82C9976DBF6} = {3B753C59-6D6F-4A10-A625-5428D40DD63B}
	EndGlobalSection
EndGlobal
